
Microsoft Visual Studio Solution File, Format Version 12.00
# Visual Studio Version 16
VisualStudioVersion = 16.0.30011.22
MinimumVisualStudioVersion = 10.0.40219.1
Project("{9A19103F-16F7-4668-BE54-9A1E7A4F7556}") = "PokerEngine", "PokerEngine\PokerEngine.csproj", "{A7BB8815-F601-443D-AEAC-2BBCB3D3CB03}"
EndProject
Project("{FAE04EC0-301F-11D3-BF4B-00C04F79EFBC}") = "ConsoleUI", "ConsoleUI\ConsoleUI.csproj", "{A19D6C3C-64CD-4BDA-887D-7754A3853236}"
EndProject
Project("{FAE04EC0-301F-11D3-BF4B-00C04F79EFBC}") = "PokerEngineTests", "PokerEngineTests\PokerEngineTests.csproj", "{894D8437-A62D-48ED-AF1F-C06588F7EC46}"
EndProject
Global
	GlobalSection(SolutionConfigurationPlatforms) = preSolution
		Debug|Any CPU = Debug|Any CPU
		Release|Any CPU = Release|Any CPU
	EndGlobalSection
	GlobalSection(ProjectConfigurationPlatforms) = postSolution
		{A7BB8815-F601-443D-AEAC-2BBCB3D3CB03}.Debug|Any CPU.ActiveCfg = Debug|Any CPU
		{A7BB8815-F601-443D-AEAC-2BBCB3D3CB03}.Debug|Any CPU.Build.0 = Debug|Any CPU
		{A7BB8815-F601-443D-AEAC-2BBCB3D3CB03}.Release|Any CPU.ActiveCfg = Release|Any CPU
		{A7BB8815-F601-443D-AEAC-2BBCB3D3CB03}.Release|Any CPU.Build.0 = Release|Any CPU
		{A19D6C3C-64CD-4BDA-887D-7754A3853236}.Debug|Any CPU.ActiveCfg = Debug|Any CPU
		{A19D6C3C-64CD-4BDA-887D-7754A3853236}.Debug|Any CPU.Build.0 = Debug|Any CPU
		{A19D6C3C-64CD-4BDA-887D-7754A3853236}.Release|Any CPU.ActiveCfg = Release|Any CPU
		{A19D6C3C-64CD-4BDA-887D-7754A3853236}.Release|Any CPU.Build.0 = Release|Any CPU
		{894D8437-A62D-48ED-AF1F-C06588F7EC46}.Debug|Any CPU.ActiveCfg = Debug|Any CPU
		{894D8437-A62D-48ED-AF1F-C06588F7EC46}.Debug|Any CPU.Build.0 = Debug|Any CPU
		{894D8437-A62D-48ED-AF1F-C06588F7EC46}.Release|Any CPU.ActiveCfg = Release|Any CPU
		{894D8437-A62D-48ED-AF1F-C06588F7EC46}.Release|Any CPU.Build.0 = Release|Any CPU
	EndGlobalSection
	GlobalSection(SolutionProperties) = preSolution
		HideSolutionNode = FALSE
	EndGlobalSection
	GlobalSection(ExtensibilityGlobals) = postSolution
		SolutionGuid = {EE239704-6CBB-4ABF-A846-1C3BF5FCA048}
	EndGlobalSection
EndGlobal
